// !$*UTF8*$!
{
	archiveVersion = 1;
	classes = {
	};
	objectVersion = 50;
	objects = {

/* Begin PBXBuildFile section */
		2F312237210DD851009A3B3D /* KPIItem+rSSItem.m in Sources */ = {isa = PBXBuildFile; fileRef = 2F312236210DD851009A3B3D /* KPIItem+rSSItem.m */; };
		2F31223A210DE05C009A3B3D /* Podcasts.xcdatamodeld in Sources */ = {isa = PBXBuildFile; fileRef = 2F312238210DE05C009A3B3D /* Podcasts.xcdatamodeld */; };
		2F312247210DE219009A3B3D /* KPIContent+CoreDataClass.m in Sources */ = {isa = PBXBuildFile; fileRef = 2F31223D210DE219009A3B3D /* KPIContent+CoreDataClass.m */; };
		2F312248210DE219009A3B3D /* KPIContent+CoreDataProperties.m in Sources */ = {isa = PBXBuildFile; fileRef = 2F31223E210DE219009A3B3D /* KPIContent+CoreDataProperties.m */; };
		2F312249210DE219009A3B3D /* KPIPicture+CoreDataClass.m in Sources */ = {isa = PBXBuildFile; fileRef = 2F312241210DE219009A3B3D /* KPIPicture+CoreDataClass.m */; };
		2F31224A210DE219009A3B3D /* KPIPicture+CoreDataProperties.m in Sources */ = {isa = PBXBuildFile; fileRef = 2F312242210DE219009A3B3D /* KPIPicture+CoreDataProperties.m */; };
		2F31224B210DE219009A3B3D /* KPIItem+CoreDataClass.m in Sources */ = {isa = PBXBuildFile; fileRef = 2F312245210DE219009A3B3D /* KPIItem+CoreDataClass.m */; };
		2F31224C210DE219009A3B3D /* KPIItem+CoreDataProperties.m in Sources */ = {isa = PBXBuildFile; fileRef = 2F312246210DE219009A3B3D /* KPIItem+CoreDataProperties.m */; };
		2F312250210DE481009A3B3D /* KPIContent+CreateContent.m in Sources */ = {isa = PBXBuildFile; fileRef = 2F31224F210DE481009A3B3D /* KPIContent+CreateContent.m */; };
		2F312253210DE4D9009A3B3D /* KPIPicture+addPictureURL.m in Sources */ = {isa = PBXBuildFile; fileRef = 2F312252210DE4D9009A3B3D /* KPIPicture+addPictureURL.m */; };
		2F312256210E1C7F009A3B3D /* CoreDataCollectionViewController.m in Sources */ = {isa = PBXBuildFile; fileRef = 2F312255210E1C7F009A3B3D /* CoreDataCollectionViewController.m */; };
		2F312259210E268A009A3B3D /* RssItemsCDCVC.m in Sources */ = {isa = PBXBuildFile; fileRef = 2F312258210E268A009A3B3D /* RssItemsCDCVC.m */; };
		2F31225D210E2D00009A3B3D /* mainScreenCell.m in Sources */ = {isa = PBXBuildFile; fileRef = 2F31225C210E2D00009A3B3D /* mainScreenCell.m */; };
		2F5903E9210A275500775237 /* KPMasterCollectionViewController.m in Sources */ = {isa = PBXBuildFile; fileRef = 2F5903E8210A275500775237 /* KPMasterCollectionViewController.m */; };
		2F5903F1210A4DD500775237 /* MyTags.m in Sources */ = {isa = PBXBuildFile; fileRef = 2F5903F0210A4DD500775237 /* MyTags.m */; };
		2F632AC421074A6A0033510F /* CustomXMLParser.m in Sources */ = {isa = PBXBuildFile; fileRef = 2F632AC321074A6A0033510F /* CustomXMLParser.m */; };
		2F88E4522105F41800D6D976 /* AppDelegate.m in Sources */ = {isa = PBXBuildFile; fileRef = 2F88E4512105F41800D6D976 /* AppDelegate.m */; };
		2F88E4552105F41800D6D976 /* ViewController.m in Sources */ = {isa = PBXBuildFile; fileRef = 2F88E4542105F41800D6D976 /* ViewController.m */; };
		2F88E4582105F41800D6D976 /* Main.storyboard in Resources */ = {isa = PBXBuildFile; fileRef = 2F88E4562105F41800D6D976 /* Main.storyboard */; };
		2F88E45D2105F41A00D6D976 /* Assets.xcassets in Resources */ = {isa = PBXBuildFile; fileRef = 2F88E45C2105F41A00D6D976 /* Assets.xcassets */; };
		2F88E4602105F41A00D6D976 /* LaunchScreen.storyboard in Resources */ = {isa = PBXBuildFile; fileRef = 2F88E45E2105F41A00D6D976 /* LaunchScreen.storyboard */; };
		2F88E4632105F41A00D6D976 /* main.m in Sources */ = {isa = PBXBuildFile; fileRef = 2F88E4622105F41A00D6D976 /* main.m */; };
		2F88E46B2105F9BD00D6D976 /* RSSLoader.m in Sources */ = {isa = PBXBuildFile; fileRef = 2F88E46A2105F9BD00D6D976 /* RSSLoader.m */; };
		2F88E4732106598000D6D976 /* SourseURLforRead.m in Sources */ = {isa = PBXBuildFile; fileRef = 2F88E4722106598000D6D976 /* SourseURLforRead.m */; };
/* End PBXBuildFile section */

/* Begin PBXFileReference section */
		2F312235210DD851009A3B3D /* KPIItem+rSSItem.h */ = {isa = PBXFileReference; lastKnownFileType = sourcecode.c.h; path = "KPIItem+rSSItem.h"; sourceTree = "<group>"; };
		2F312236210DD851009A3B3D /* KPIItem+rSSItem.m */ = {isa = PBXFileReference; lastKnownFileType = sourcecode.c.objc; path = "KPIItem+rSSItem.m"; sourceTree = "<group>"; };
		2F312239210DE05C009A3B3D /* Podcasts.xcdatamodel */ = {isa = PBXFileReference; lastKnownFileType = wrapper.xcdatamodel; path = Podcasts.xcdatamodel; sourceTree = "<group>"; };
		2F31223B210DE219009A3B3D /* KPIContent+CoreDataProperties.h */ = {isa = PBXFileReference; lastKnownFileType = sourcecode.c.h; path = "KPIContent+CoreDataProperties.h"; sourceTree = "<group>"; };
		2F31223C210DE219009A3B3D /* KPIContent+CoreDataClass.h */ = {isa = PBXFileReference; lastKnownFileType = sourcecode.c.h; path = "KPIContent+CoreDataClass.h"; sourceTree = "<group>"; };
		2F31223D210DE219009A3B3D /* KPIContent+CoreDataClass.m */ = {isa = PBXFileReference; lastKnownFileType = sourcecode.c.objc; path = "KPIContent+CoreDataClass.m"; sourceTree = "<group>"; };
		2F31223E210DE219009A3B3D /* KPIContent+CoreDataProperties.m */ = {isa = PBXFileReference; lastKnownFileType = sourcecode.c.objc; path = "KPIContent+CoreDataProperties.m"; sourceTree = "<group>"; };
		2F31223F210DE219009A3B3D /* KPIPicture+CoreDataProperties.h */ = {isa = PBXFileReference; lastKnownFileType = sourcecode.c.h; path = "KPIPicture+CoreDataProperties.h"; sourceTree = "<group>"; };
		2F312240210DE219009A3B3D /* KPIPicture+CoreDataClass.h */ = {isa = PBXFileReference; lastKnownFileType = sourcecode.c.h; path = "KPIPicture+CoreDataClass.h"; sourceTree = "<group>"; };
		2F312241210DE219009A3B3D /* KPIPicture+CoreDataClass.m */ = {isa = PBXFileReference; lastKnownFileType = sourcecode.c.objc; path = "KPIPicture+CoreDataClass.m"; sourceTree = "<group>"; };
		2F312242210DE219009A3B3D /* KPIPicture+CoreDataProperties.m */ = {isa = PBXFileReference; lastKnownFileType = sourcecode.c.objc; path = "KPIPicture+CoreDataProperties.m"; sourceTree = "<group>"; };
		2F312243210DE219009A3B3D /* KPIItem+CoreDataProperties.h */ = {isa = PBXFileReference; lastKnownFileType = sourcecode.c.h; path = "KPIItem+CoreDataProperties.h"; sourceTree = "<group>"; };
		2F312244210DE219009A3B3D /* KPIItem+CoreDataClass.h */ = {isa = PBXFileReference; lastKnownFileType = sourcecode.c.h; path = "KPIItem+CoreDataClass.h"; sourceTree = "<group>"; };
		2F312245210DE219009A3B3D /* KPIItem+CoreDataClass.m */ = {isa = PBXFileReference; lastKnownFileType = sourcecode.c.objc; path = "KPIItem+CoreDataClass.m"; sourceTree = "<group>"; };
		2F312246210DE219009A3B3D /* KPIItem+CoreDataProperties.m */ = {isa = PBXFileReference; lastKnownFileType = sourcecode.c.objc; path = "KPIItem+CoreDataProperties.m"; sourceTree = "<group>"; };
		2F31224E210DE481009A3B3D /* KPIContent+CreateContent.h */ = {isa = PBXFileReference; lastKnownFileType = sourcecode.c.h; path = "KPIContent+CreateContent.h"; sourceTree = "<group>"; };
		2F31224F210DE481009A3B3D /* KPIContent+CreateContent.m */ = {isa = PBXFileReference; lastKnownFileType = sourcecode.c.objc; path = "KPIContent+CreateContent.m"; sourceTree = "<group>"; };
		2F312251210DE4D9009A3B3D /* KPIPicture+addPictureURL.h */ = {isa = PBXFileReference; lastKnownFileType = sourcecode.c.h; path = "KPIPicture+addPictureURL.h"; sourceTree = "<group>"; };
		2F312252210DE4D9009A3B3D /* KPIPicture+addPictureURL.m */ = {isa = PBXFileReference; lastKnownFileType = sourcecode.c.objc; path = "KPIPicture+addPictureURL.m"; sourceTree = "<group>"; };
		2F312254210E1C7F009A3B3D /* CoreDataCollectionViewController.h */ = {isa = PBXFileReference; lastKnownFileType = sourcecode.c.h; path = CoreDataCollectionViewController.h; sourceTree = "<group>"; };
		2F312255210E1C7F009A3B3D /* CoreDataCollectionViewController.m */ = {isa = PBXFileReference; lastKnownFileType = sourcecode.c.objc; path = CoreDataCollectionViewController.m; sourceTree = "<group>"; };
		2F312257210E268A009A3B3D /* RssItemsCDCVC.h */ = {isa = PBXFileReference; lastKnownFileType = sourcecode.c.h; path = RssItemsCDCVC.h; sourceTree = "<group>"; };
		2F312258210E268A009A3B3D /* RssItemsCDCVC.m */ = {isa = PBXFileReference; lastKnownFileType = sourcecode.c.objc; path = RssItemsCDCVC.m; sourceTree = "<group>"; };
		2F31225B210E2D00009A3B3D /* mainScreenCell.h */ = {isa = PBXFileReference; lastKnownFileType = sourcecode.c.h; path = mainScreenCell.h; sourceTree = "<group>"; };
		2F31225C210E2D00009A3B3D /* mainScreenCell.m */ = {isa = PBXFileReference; lastKnownFileType = sourcecode.c.objc; path = mainScreenCell.m; sourceTree = "<group>"; };
		2F5903E7210A275500775237 /* KPMasterCollectionViewController.h */ = {isa = PBXFileReference; lastKnownFileType = sourcecode.c.h; path = KPMasterCollectionViewController.h; sourceTree = "<group>"; };
		2F5903E8210A275500775237 /* KPMasterCollectionViewController.m */ = {isa = PBXFileReference; lastKnownFileType = sourcecode.c.objc; path = KPMasterCollectionViewController.m; sourceTree = "<group>"; };
		2F5903EF210A4DD500775237 /* MyTags.h */ = {isa = PBXFileReference; lastKnownFileType = sourcecode.c.h; path = MyTags.h; sourceTree = "<group>"; };
		2F5903F0210A4DD500775237 /* MyTags.m */ = {isa = PBXFileReference; lastKnownFileType = sourcecode.c.objc; path = MyTags.m; sourceTree = "<group>"; };
		2F632AC221074A6A0033510F /* CustomXMLParser.h */ = {isa = PBXFileReference; lastKnownFileType = sourcecode.c.h; path = CustomXMLParser.h; sourceTree = "<group>"; };
		2F632AC321074A6A0033510F /* CustomXMLParser.m */ = {isa = PBXFileReference; lastKnownFileType = sourcecode.c.objc; path = CustomXMLParser.m; sourceTree = "<group>"; };
		2F88E44D2105F41800D6D976 /* Podcasts.app */ = {isa = PBXFileReference; explicitFileType = wrapper.application; includeInIndex = 0; path = Podcasts.app; sourceTree = BUILT_PRODUCTS_DIR; };
		2F88E4502105F41800D6D976 /* AppDelegate.h */ = {isa = PBXFileReference; lastKnownFileType = sourcecode.c.h; path = AppDelegate.h; sourceTree = "<group>"; };
		2F88E4512105F41800D6D976 /* AppDelegate.m */ = {isa = PBXFileReference; lastKnownFileType = sourcecode.c.objc; path = AppDelegate.m; sourceTree = "<group>"; };
		2F88E4532105F41800D6D976 /* ViewController.h */ = {isa = PBXFileReference; lastKnownFileType = sourcecode.c.h; path = ViewController.h; sourceTree = "<group>"; };
		2F88E4542105F41800D6D976 /* ViewController.m */ = {isa = PBXFileReference; lastKnownFileType = sourcecode.c.objc; path = ViewController.m; sourceTree = "<group>"; };
		2F88E4572105F41800D6D976 /* Base */ = {isa = PBXFileReference; lastKnownFileType = file.storyboard; name = Base; path = Base.lproj/Main.storyboard; sourceTree = "<group>"; };
		2F88E45C2105F41A00D6D976 /* Assets.xcassets */ = {isa = PBXFileReference; lastKnownFileType = folder.assetcatalog; path = Assets.xcassets; sourceTree = "<group>"; };
		2F88E45F2105F41A00D6D976 /* Base */ = {isa = PBXFileReference; lastKnownFileType = file.storyboard; name = Base; path = Base.lproj/LaunchScreen.storyboard; sourceTree = "<group>"; };
		2F88E4612105F41A00D6D976 /* Info.plist */ = {isa = PBXFileReference; lastKnownFileType = text.plist.xml; path = Info.plist; sourceTree = "<group>"; };
		2F88E4622105F41A00D6D976 /* main.m */ = {isa = PBXFileReference; lastKnownFileType = sourcecode.c.objc; path = main.m; sourceTree = "<group>"; };
		2F88E4692105F9BD00D6D976 /* RSSLoader.h */ = {isa = PBXFileReference; lastKnownFileType = sourcecode.c.h; path = RSSLoader.h; sourceTree = "<group>"; };
		2F88E46A2105F9BD00D6D976 /* RSSLoader.m */ = {isa = PBXFileReference; lastKnownFileType = sourcecode.c.objc; path = RSSLoader.m; sourceTree = "<group>"; };
		2F88E4712106598000D6D976 /* SourseURLforRead.h */ = {isa = PBXFileReference; lastKnownFileType = sourcecode.c.h; path = SourseURLforRead.h; sourceTree = "<group>"; };
		2F88E4722106598000D6D976 /* SourseURLforRead.m */ = {isa = PBXFileReference; lastKnownFileType = sourcecode.c.objc; path = SourseURLforRead.m; sourceTree = "<group>"; };
/* End PBXFileReference section */

/* Begin PBXFrameworksBuildPhase section */
		2F88E44A2105F41800D6D976 /* Frameworks */ = {
			isa = PBXFrameworksBuildPhase;
			buildActionMask = 2147483647;
			files = (
			);
			runOnlyForDeploymentPostprocessing = 0;
		};
/* End PBXFrameworksBuildPhase section */

/* Begin PBXGroup section */
		2F31224D210DE43F009A3B3D /* categoriesForCreatingEntities */ = {
			isa = PBXGroup;
			children = (
				2F312235210DD851009A3B3D /* KPIItem+rSSItem.h */,
				2F312236210DD851009A3B3D /* KPIItem+rSSItem.m */,
				2F31224E210DE481009A3B3D /* KPIContent+CreateContent.h */,
				2F31224F210DE481009A3B3D /* KPIContent+CreateContent.m */,
				2F312251210DE4D9009A3B3D /* KPIPicture+addPictureURL.h */,
				2F312252210DE4D9009A3B3D /* KPIPicture+addPictureURL.m */,
			);
			path = categoriesForCreatingEntities;
			sourceTree = "<group>";
		};
		2F31225A210E2CD4009A3B3D /* cells */ = {
			isa = PBXGroup;
			children = (
				2F31225B210E2D00009A3B3D /* mainScreenCell.h */,
				2F31225C210E2D00009A3B3D /* mainScreenCell.m */,
			);
			path = cells;
			sourceTree = "<group>";
		};
		2F5903E6210A26EF00775237 /* ViewControllers */ = {
			isa = PBXGroup;
			children = (
				2F31225A210E2CD4009A3B3D /* cells */,
				2F312254210E1C7F009A3B3D /* CoreDataCollectionViewController.h */,
				2F312255210E1C7F009A3B3D /* CoreDataCollectionViewController.m */,
				2F312257210E268A009A3B3D /* RssItemsCDCVC.h */,
				2F312258210E268A009A3B3D /* RssItemsCDCVC.m */,
				2F5903E7210A275500775237 /* KPMasterCollectionViewController.h */,
				2F5903E8210A275500775237 /* KPMasterCollectionViewController.m */,
				2F88E4532105F41800D6D976 /* ViewController.h */,
				2F88E4542105F41800D6D976 /* ViewController.m */,
			);
			path = ViewControllers;
			sourceTree = "<group>";
		};
		2F5903EE210A4DAF00775237 /* Tags */ = {
			isa = PBXGroup;
			children = (
				2F5903EF210A4DD500775237 /* MyTags.h */,
				2F5903F0210A4DD500775237 /* MyTags.m */,
			);
			path = Tags;
			sourceTree = "<group>";
		};
		2F632AC0210746FE0033510F /* LoadRSS */ = {
			isa = PBXGroup;
			children = (
				2F88E4712106598000D6D976 /* SourseURLforRead.h */,
				2F88E4722106598000D6D976 /* SourseURLforRead.m */,
				2F88E4692105F9BD00D6D976 /* RSSLoader.h */,
				2F88E46A2105F9BD00D6D976 /* RSSLoader.m */,
			);
			name = LoadRSS;
			sourceTree = "<group>";
		};
		2F632AC1210747840033510F /* XMLParser */ = {
			isa = PBXGroup;
			children = (
				2F632AC221074A6A0033510F /* CustomXMLParser.h */,
				2F632AC321074A6A0033510F /* CustomXMLParser.m */,
			);
			path = XMLParser;
			sourceTree = "<group>";
		};
		2F88E4442105F41800D6D976 = {
			isa = PBXGroup;
			children = (
				2F88E44F2105F41800D6D976 /* Podcasts */,
				2F88E44E2105F41800D6D976 /* Products */,
			);
			sourceTree = "<group>";
			usesTabs = 0;
		};
		2F88E44E2105F41800D6D976 /* Products */ = {
			isa = PBXGroup;
			children = (
				2F88E44D2105F41800D6D976 /* Podcasts.app */,
			);
			name = Products;
			sourceTree = "<group>";
		};
		2F88E44F2105F41800D6D976 /* Podcasts */ = {
			isa = PBXGroup;
			children = (
				2F88E4502105F41800D6D976 /* AppDelegate.h */,
				2F88E4512105F41800D6D976 /* AppDelegate.m */,
				2F312238210DE05C009A3B3D /* Podcasts.xcdatamodeld */,
				2F5903EE210A4DAF00775237 /* Tags */,
				2FF04B352109EE7D00A6C4D4 /* forCoreData */,
				2F5903E6210A26EF00775237 /* ViewControllers */,
				2F632AC1210747840033510F /* XMLParser */,
				2F632AC0210746FE0033510F /* LoadRSS */,
				2F88E4562105F41800D6D976 /* Main.storyboard */,
				2F88E45C2105F41A00D6D976 /* Assets.xcassets */,
				2F88E45E2105F41A00D6D976 /* LaunchScreen.storyboard */,
				2F88E4612105F41A00D6D976 /* Info.plist */,
				2F88E4622105F41A00D6D976 /* main.m */,
			);
			path = Podcasts;
			sourceTree = "<group>";
		};
		2FF04B352109EE7D00A6C4D4 /* forCoreData */ = {
			isa = PBXGroup;
			children = (
				2F31224D210DE43F009A3B3D /* categoriesForCreatingEntities */,
				2F31223B210DE219009A3B3D /* KPIContent+CoreDataProperties.h */,
				2F31223C210DE219009A3B3D /* KPIContent+CoreDataClass.h */,
				2F31223D210DE219009A3B3D /* KPIContent+CoreDataClass.m */,
				2F31223E210DE219009A3B3D /* KPIContent+CoreDataProperties.m */,
				2F31223F210DE219009A3B3D /* KPIPicture+CoreDataProperties.h */,
				2F312240210DE219009A3B3D /* KPIPicture+CoreDataClass.h */,
				2F312241210DE219009A3B3D /* KPIPicture+CoreDataClass.m */,
				2F312242210DE219009A3B3D /* KPIPicture+CoreDataProperties.m */,
				2F312244210DE219009A3B3D /* KPIItem+CoreDataClass.h */,
				2F312245210DE219009A3B3D /* KPIItem+CoreDataClass.m */,
				2F312243210DE219009A3B3D /* KPIItem+CoreDataProperties.h */,
				2F312246210DE219009A3B3D /* KPIItem+CoreDataProperties.m */,
			);
			name = forCoreData;
			sourceTree = "<group>";
		};
/* End PBXGroup section */

/* Begin PBXNativeTarget section */
		2F88E44C2105F41800D6D976 /* Podcasts */ = {
			isa = PBXNativeTarget;
			buildConfigurationList = 2F88E4662105F41A00D6D976 /* Build configuration list for PBXNativeTarget "Podcasts" */;
			buildPhases = (
				2F88E4492105F41800D6D976 /* Sources */,
				2F88E44A2105F41800D6D976 /* Frameworks */,
				2F88E44B2105F41800D6D976 /* Resources */,
			);
			buildRules = (
			);
			dependencies = (
			);
			name = Podcasts;
			productName = Podcasts;
			productReference = 2F88E44D2105F41800D6D976 /* Podcasts.app */;
			productType = "com.apple.product-type.application";
		};
/* End PBXNativeTarget section */

/* Begin PBXProject section */
		2F88E4452105F41800D6D976 /* Project object */ = {
			isa = PBXProject;
			attributes = {
				LastUpgradeCheck = 0940;
				ORGANIZATIONNAME = "Pavel Koka";
				TargetAttributes = {
					2F88E44C2105F41800D6D976 = {
						CreatedOnToolsVersion = 9.4.1;
						SystemCapabilities = {
							com.apple.BackgroundModes = {
								enabled = 1;
							};
						};
					};
				};
			};
			buildConfigurationList = 2F88E4482105F41800D6D976 /* Build configuration list for PBXProject "Podcasts" */;
			compatibilityVersion = "Xcode 9.3";
			developmentRegion = en;
			hasScannedForEncodings = 0;
			knownRegions = (
				en,
				Base,
			);
			mainGroup = 2F88E4442105F41800D6D976;
			productRefGroup = 2F88E44E2105F41800D6D976 /* Products */;
			projectDirPath = "";
			projectRoot = "";
			targets = (
				2F88E44C2105F41800D6D976 /* Podcasts */,
			);
		};
/* End PBXProject section */

/* Begin PBXResourcesBuildPhase section */
		2F88E44B2105F41800D6D976 /* Resources */ = {
			isa = PBXResourcesBuildPhase;
			buildActionMask = 2147483647;
			files = (
				2F88E4602105F41A00D6D976 /* LaunchScreen.storyboard in Resources */,
				2F88E45D2105F41A00D6D976 /* Assets.xcassets in Resources */,
				2F88E4582105F41800D6D976 /* Main.storyboard in Resources */,
			);
			runOnlyForDeploymentPostprocessing = 0;
		};
/* End PBXResourcesBuildPhase section */

/* Begin PBXSourcesBuildPhase section */
		2F88E4492105F41800D6D976 /* Sources */ = {
			isa = PBXSourcesBuildPhase;
			buildActionMask = 2147483647;
			files = (
				2F312237210DD851009A3B3D /* KPIItem+rSSItem.m in Sources */,
				2F88E46B2105F9BD00D6D976 /* RSSLoader.m in Sources */,
				2F312256210E1C7F009A3B3D /* CoreDataCollectionViewController.m in Sources */,
				2F312250210DE481009A3B3D /* KPIContent+CreateContent.m in Sources */,
				2F31225D210E2D00009A3B3D /* mainScreenCell.m in Sources */,
				2F88E4732106598000D6D976 /* SourseURLforRead.m in Sources */,
				2F31223A210DE05C009A3B3D /* Podcasts.xcdatamodeld in Sources */,
				2F312248210DE219009A3B3D /* KPIContent+CoreDataProperties.m in Sources */,
				2F312247210DE219009A3B3D /* KPIContent+CoreDataClass.m in Sources */,
				2F5903E9210A275500775237 /* KPMasterCollectionViewController.m in Sources */,
				2F312253210DE4D9009A3B3D /* KPIPicture+addPictureURL.m in Sources */,
				2F88E4552105F41800D6D976 /* ViewController.m in Sources */,
				2F31224B210DE219009A3B3D /* KPIItem+CoreDataClass.m in Sources */,
				2F632AC421074A6A0033510F /* CustomXMLParser.m in Sources */,
				2F31224C210DE219009A3B3D /* KPIItem+CoreDataProperties.m in Sources */,
				2F31224A210DE219009A3B3D /* KPIPicture+CoreDataProperties.m in Sources */,
				2F312259210E268A009A3B3D /* RssItemsCDCVC.m in Sources */,
				2F88E4632105F41A00D6D976 /* main.m in Sources */,
				2F312249210DE219009A3B3D /* KPIPicture+CoreDataClass.m in Sources */,
				2F88E4522105F41800D6D976 /* AppDelegate.m in Sources */,
				2F5903F1210A4DD500775237 /* MyTags.m in Sources */,
			);
			runOnlyForDeploymentPostprocessing = 0;
		};
/* End PBXSourcesBuildPhase section */

/* Begin PBXVariantGroup section */
		2F88E4562105F41800D6D976 /* Main.storyboard */ = {
			isa = PBXVariantGroup;
			children = (
				2F88E4572105F41800D6D976 /* Base */,
			);
			name = Main.storyboard;
			sourceTree = "<group>";
		};
		2F88E45E2105F41A00D6D976 /* LaunchScreen.storyboard */ = {
			isa = PBXVariantGroup;
			children = (
				2F88E45F2105F41A00D6D976 /* Base */,
			);
			name = LaunchScreen.storyboard;
			sourceTree = "<group>";
		};
/* End PBXVariantGroup section */

/* Begin XCBuildConfiguration section */
		2F88E4642105F41A00D6D976 /* Debug */ = {
			isa = XCBuildConfiguration;
			buildSettings = {
				ALWAYS_SEARCH_USER_PATHS = NO;
				CLANG_ANALYZER_NONNULL = YES;
				CLANG_ANALYZER_NUMBER_OBJECT_CONVERSION = YES_AGGRESSIVE;
				CLANG_CXX_LANGUAGE_STANDARD = "gnu++14";
				CLANG_CXX_LIBRARY = "libc++";
				CLANG_ENABLE_MODULES = YES;
				CLANG_ENABLE_OBJC_ARC = YES;
				CLANG_ENABLE_OBJC_WEAK = YES;
				CLANG_WARN_BLOCK_CAPTURE_AUTORELEASING = YES;
				CLANG_WARN_BOOL_CONVERSION = YES;
				CLANG_WARN_COMMA = YES;
				CLANG_WARN_CONSTANT_CONVERSION = YES;
				CLANG_WARN_DEPRECATED_OBJC_IMPLEMENTATIONS = YES;
				CLANG_WARN_DIRECT_OBJC_ISA_USAGE = YES_ERROR;
				CLANG_WARN_DOCUMENTATION_COMMENTS = YES;
				CLANG_WARN_EMPTY_BODY = YES;
				CLANG_WARN_ENUM_CONVERSION = YES;
				CLANG_WARN_INFINITE_RECURSION = YES;
				CLANG_WARN_INT_CONVERSION = YES;
				CLANG_WARN_NON_LITERAL_NULL_CONVERSION = YES;
				CLANG_WARN_OBJC_IMPLICIT_RETAIN_SELF = YES;
				CLANG_WARN_OBJC_LITERAL_CONVERSION = YES;
				CLANG_WARN_OBJC_ROOT_CLASS = YES_ERROR;
				CLANG_WARN_RANGE_LOOP_ANALYSIS = YES;
				CLANG_WARN_STRICT_PROTOTYPES = YES;
				CLANG_WARN_SUSPICIOUS_MOVE = YES;
				CLANG_WARN_UNGUARDED_AVAILABILITY = YES_AGGRESSIVE;
				CLANG_WARN_UNREACHABLE_CODE = YES;
				CLANG_WARN__DUPLICATE_METHOD_MATCH = YES;
				CODE_SIGN_IDENTITY = "iPhone Developer";
				COPY_PHASE_STRIP = NO;
				DEBUG_INFORMATION_FORMAT = dwarf;
				ENABLE_STRICT_OBJC_MSGSEND = YES;
				ENABLE_TESTABILITY = YES;
				GCC_C_LANGUAGE_STANDARD = gnu11;
				GCC_DYNAMIC_NO_PIC = NO;
				GCC_NO_COMMON_BLOCKS = YES;
				GCC_OPTIMIZATION_LEVEL = 0;
				GCC_PREPROCESSOR_DEFINITIONS = (
					"DEBUG=1",
					"$(inherited)",
				);
				GCC_WARN_64_TO_32_BIT_CONVERSION = YES;
				GCC_WARN_ABOUT_RETURN_TYPE = YES_ERROR;
				GCC_WARN_UNDECLARED_SELECTOR = YES;
				GCC_WARN_UNINITIALIZED_AUTOS = YES_AGGRESSIVE;
				GCC_WARN_UNUSED_FUNCTION = YES;
				GCC_WARN_UNUSED_VARIABLE = YES;
				IPHONEOS_DEPLOYMENT_TARGET = 11.4;
				MTL_ENABLE_DEBUG_INFO = YES;
				ONLY_ACTIVE_ARCH = YES;
				SDKROOT = iphoneos;
			};
			name = Debug;
		};
		2F88E4652105F41A00D6D976 /* Release */ = {
			isa = XCBuildConfiguration;
			buildSettings = {
				ALWAYS_SEARCH_USER_PATHS = NO;
				CLANG_ANALYZER_NONNULL = YES;
				CLANG_ANALYZER_NUMBER_OBJECT_CONVERSION = YES_AGGRESSIVE;
				CLANG_CXX_LANGUAGE_STANDARD = "gnu++14";
				CLANG_CXX_LIBRARY = "libc++";
				CLANG_ENABLE_MODULES = YES;
				CLANG_ENABLE_OBJC_ARC = YES;
				CLANG_ENABLE_OBJC_WEAK = YES;
				CLANG_WARN_BLOCK_CAPTURE_AUTORELEASING = YES;
				CLANG_WARN_BOOL_CONVERSION = YES;
				CLANG_WARN_COMMA = YES;
				CLANG_WARN_CONSTANT_CONVERSION = YES;
				CLANG_WARN_DEPRECATED_OBJC_IMPLEMENTATIONS = YES;
				CLANG_WARN_DIRECT_OBJC_ISA_USAGE = YES_ERROR;
				CLANG_WARN_DOCUMENTATION_COMMENTS = YES;
				CLANG_WARN_EMPTY_BODY = YES;
				CLANG_WARN_ENUM_CONVERSION = YES;
				CLANG_WARN_INFINITE_RECURSION = YES;
				CLANG_WARN_INT_CONVERSION = YES;
				CLANG_WARN_NON_LITERAL_NULL_CONVERSION = YES;
				CLANG_WARN_OBJC_IMPLICIT_RETAIN_SELF = YES;
				CLANG_WARN_OBJC_LITERAL_CONVERSION = YES;
				CLANG_WARN_OBJC_ROOT_CLASS = YES_ERROR;
				CLANG_WARN_RANGE_LOOP_ANALYSIS = YES;
				CLANG_WARN_STRICT_PROTOTYPES = YES;
				CLANG_WARN_SUSPICIOUS_MOVE = YES;
				CLANG_WARN_UNGUARDED_AVAILABILITY = YES_AGGRESSIVE;
				CLANG_WARN_UNREACHABLE_CODE = YES;
				CLANG_WARN__DUPLICATE_METHOD_MATCH = YES;
				CODE_SIGN_IDENTITY = "iPhone Developer";
				COPY_PHASE_STRIP = NO;
				DEBUG_INFORMATION_FORMAT = "dwarf-with-dsym";
				ENABLE_NS_ASSERTIONS = NO;
				ENABLE_STRICT_OBJC_MSGSEND = YES;
				GCC_C_LANGUAGE_STANDARD = gnu11;
				GCC_NO_COMMON_BLOCKS = YES;
				GCC_WARN_64_TO_32_BIT_CONVERSION = YES;
				GCC_WARN_ABOUT_RETURN_TYPE = YES_ERROR;
				GCC_WARN_UNDECLARED_SELECTOR = YES;
				GCC_WARN_UNINITIALIZED_AUTOS = YES_AGGRESSIVE;
				GCC_WARN_UNUSED_FUNCTION = YES;
				GCC_WARN_UNUSED_VARIABLE = YES;
				IPHONEOS_DEPLOYMENT_TARGET = 11.4;
				MTL_ENABLE_DEBUG_INFO = NO;
				SDKROOT = iphoneos;
				VALIDATE_PRODUCT = YES;
			};
			name = Release;
		};
		2F88E4672105F41A00D6D976 /* Debug */ = {
			isa = XCBuildConfiguration;
			buildSettings = {
				ASSETCATALOG_COMPILER_APPICON_NAME = AppIcon;
				CODE_SIGN_STYLE = Automatic;
				DEVELOPMENT_TEAM = RF896M5NY7;
				INFOPLIST_FILE = Podcasts/Info.plist;
				LD_RUNPATH_SEARCH_PATHS = (
					"$(inherited)",
					"@executable_path/Frameworks",
				);
				OTHER_LDFLAGS = (
					"$(OTHER_LDFLAGS)",
					"-ObjC",
				);
				"OTHER_LDFLAGS[arch=*]" = (
					"$(OTHER_LDFLAGS)",
					"-ObjC",
				);
				PRODUCT_BUNDLE_IDENTIFIER = epam.Podcasts;
				PRODUCT_NAME = "$(TARGET_NAME)";
				TARGETED_DEVICE_FAMILY = "1,2";
			};
			name = Debug;
		};
		2F88E4682105F41A00D6D976 /* Release */ = {
			isa = XCBuildConfiguration;
			buildSettings = {
				ASSETCATALOG_COMPILER_APPICON_NAME = AppIcon;
				CODE_SIGN_STYLE = Automatic;
				DEVELOPMENT_TEAM = RF896M5NY7;
				INFOPLIST_FILE = Podcasts/Info.plist;
				LD_RUNPATH_SEARCH_PATHS = (
					"$(inherited)",
					"@executable_path/Frameworks",
				);
				OTHER_LDFLAGS = (
					"$(OTHER_LDFLAGS)",
					"-ObjC",
				);
				"OTHER_LDFLAGS[arch=*]" = (
					"$(OTHER_LDFLAGS)",
					"-ObjC",
				);
				PRODUCT_BUNDLE_IDENTIFIER = epam.Podcasts;
				PRODUCT_NAME = "$(TARGET_NAME)";
				TARGETED_DEVICE_FAMILY = "1,2";
			};
			name = Release;
		};
/* End XCBuildConfiguration section */

/* Begin XCConfigurationList section */
		2F88E4482105F41800D6D976 /* Build configuration list for PBXProject "Podcasts" */ = {
			isa = XCConfigurationList;
			buildConfigurations = (
				2F88E4642105F41A00D6D976 /* Debug */,
				2F88E4652105F41A00D6D976 /* Release */,
			);
			defaultConfigurationIsVisible = 0;
			defaultConfigurationName = Release;
		};
		2F88E4662105F41A00D6D976 /* Build configuration list for PBXNativeTarget "Podcasts" */ = {
			isa = XCConfigurationList;
			buildConfigurations = (
				2F88E4672105F41A00D6D976 /* Debug */,
				2F88E4682105F41A00D6D976 /* Release */,
			);
			defaultConfigurationIsVisible = 0;
			defaultConfigurationName = Release;
		};
/* End XCConfigurationList section */

/* Begin XCVersionGroup section */
		2F312238210DE05C009A3B3D /* Podcasts.xcdatamodeld */ = {
			isa = XCVersionGroup;
			children = (
				2F312239210DE05C009A3B3D /* Podcasts.xcdatamodel */,
			);
			currentVersion = 2F312239210DE05C009A3B3D /* Podcasts.xcdatamodel */;
			path = Podcasts.xcdatamodeld;
			sourceTree = "<group>";
			versionGroupType = wrapper.xcdatamodel;
		};
/* End XCVersionGroup section */
	};
	rootObject = 2F88E4452105F41800D6D976 /* Project object */;
}
